
Microsoft Visual Studio Solution File, Format Version 12.00
# Visual Studio Version 17
VisualStudioVersion = 17.8.34408.163
MinimumVisualStudioVersion = 10.0.40219.1
Project("{9A19103F-16F7-4668-BE54-9A1E7A4F7556}") = "Estore.Web", "Estore.Web\Estore.Web.csproj", "{137E9C9F-D83D-4AF3-89AA-B3D5935C5B96}"
EndProject
Project("{9A19103F-16F7-4668-BE54-9A1E7A4F7556}") = "EStore.Web.ProductAPI", "EStore.Web.ProductAPI\EStore.Web.ProductAPI.csproj", "{1AF89D15-FB61-44F7-B18D-C4F595C79030}"
EndProject
Project("{9A19103F-16F7-4668-BE54-9A1E7A4F7556}") = "EStore.Services.CouponAPI", "EStore.Services.CouponAPI\EStore.Services.CouponAPI.csproj", "{6EB7F347-8B47-4B64-A121-0EFFE16017FD}"
EndProject
Project("{2150E333-8FDC-42A3-9474-1A3956D46DE8}") = "Services", "Services", "{D4695C9A-4E40-45DE-B9F3-BCA64E0734EB}"
EndProject
Project("{9A19103F-16F7-4668-BE54-9A1E7A4F7556}") = "Estore.Services.ShoppingCartAPI", "Estore.Services.ShoppingCartAPI\Estore.Services.ShoppingCartAPI.csproj", "{267C3129-4FEF-472D-9D85-1E012824DE5E}"
EndProject
Project("{9A19103F-16F7-4668-BE54-9A1E7A4F7556}") = "EStore.Services.CartAPI", "EStore.Services.CartAPI\EStore.Services.CartAPI.csproj", "{C567FF25-93E0-4DDE-AEC2-7CC3E1F895D8}"
EndProject
Project("{9A19103F-16F7-4668-BE54-9A1E7A4F7556}") = "EStore.Services.OrdersAPI", "EStore.Services.OrdersAPI\EStore.Services.OrdersAPI.csproj", "{2C0A6B97-08C0-447A-B28E-5268EBBED402}"
EndProject
Global
	GlobalSection(SolutionConfigurationPlatforms) = preSolution
		Debug|Any CPU = Debug|Any CPU
		Release|Any CPU = Release|Any CPU
	EndGlobalSection
	GlobalSection(ProjectConfigurationPlatforms) = postSolution
		{137E9C9F-D83D-4AF3-89AA-B3D5935C5B96}.Debug|Any CPU.ActiveCfg = Debug|Any CPU
		{137E9C9F-D83D-4AF3-89AA-B3D5935C5B96}.Debug|Any CPU.Build.0 = Debug|Any CPU
		{137E9C9F-D83D-4AF3-89AA-B3D5935C5B96}.Release|Any CPU.ActiveCfg = Release|Any CPU
		{137E9C9F-D83D-4AF3-89AA-B3D5935C5B96}.Release|Any CPU.Build.0 = Release|Any CPU
		{1AF89D15-FB61-44F7-B18D-C4F595C79030}.Debug|Any CPU.ActiveCfg = Debug|Any CPU
		{1AF89D15-FB61-44F7-B18D-C4F595C79030}.Debug|Any CPU.Build.0 = Debug|Any CPU
		{1AF89D15-FB61-44F7-B18D-C4F595C79030}.Release|Any CPU.ActiveCfg = Release|Any CPU
		{1AF89D15-FB61-44F7-B18D-C4F595C79030}.Release|Any CPU.Build.0 = Release|Any CPU
		{6EB7F347-8B47-4B64-A121-0EFFE16017FD}.Debug|Any CPU.ActiveCfg = Debug|Any CPU
		{6EB7F347-8B47-4B64-A121-0EFFE16017FD}.Debug|Any CPU.Build.0 = Debug|Any CPU
		{6EB7F347-8B47-4B64-A121-0EFFE16017FD}.Release|Any CPU.ActiveCfg = Release|Any CPU
		{6EB7F347-8B47-4B64-A121-0EFFE16017FD}.Release|Any CPU.Build.0 = Release|Any CPU
		{267C3129-4FEF-472D-9D85-1E012824DE5E}.Debug|Any CPU.ActiveCfg = Debug|Any CPU
		{267C3129-4FEF-472D-9D85-1E012824DE5E}.Debug|Any CPU.Build.0 = Debug|Any CPU
		{267C3129-4FEF-472D-9D85-1E012824DE5E}.Release|Any CPU.ActiveCfg = Release|Any CPU
		{267C3129-4FEF-472D-9D85-1E012824DE5E}.Release|Any CPU.Build.0 = Release|Any CPU
		{C567FF25-93E0-4DDE-AEC2-7CC3E1F895D8}.Debug|Any CPU.ActiveCfg = Debug|Any CPU
		{C567FF25-93E0-4DDE-AEC2-7CC3E1F895D8}.Debug|Any CPU.Build.0 = Debug|Any CPU
		{C567FF25-93E0-4DDE-AEC2-7CC3E1F895D8}.Release|Any CPU.ActiveCfg = Release|Any CPU
		{C567FF25-93E0-4DDE-AEC2-7CC3E1F895D8}.Release|Any CPU.Build.0 = Release|Any CPU
		{2C0A6B97-08C0-447A-B28E-5268EBBED402}.Debug|Any CPU.ActiveCfg = Debug|Any CPU
		{2C0A6B97-08C0-447A-B28E-5268EBBED402}.Debug|Any CPU.Build.0 = Debug|Any CPU
		{2C0A6B97-08C0-447A-B28E-5268EBBED402}.Release|Any CPU.ActiveCfg = Release|Any CPU
		{2C0A6B97-08C0-447A-B28E-5268EBBED402}.Release|Any CPU.Build.0 = Release|Any CPU
	EndGlobalSection
	GlobalSection(SolutionProperties) = preSolution
		HideSolutionNode = FALSE
	EndGlobalSection
	GlobalSection(ExtensibilityGlobals) = postSolution
		SolutionGuid = {6291E4CA-55A9-4E6A-94D5-6467F359ED79}
	EndGlobalSection
EndGlobal
